
Microsoft Visual Studio Solution File, Format Version 12.00
# Visual Studio Version 16
VisualStudioVersion = 16.0.808.10
MinimumVisualStudioVersion = 10.0.40219.1
Project("{FAE04EC0-301F-11D3-BF4B-00C04F79EFBC}") = "CastingBetweenTypes", "CastingBetweenTypes\CastingBetweenTypes.csproj", "{6DD50327-8CC2-4A1D-B8E2-7A11F967EDDB}"
EndProject
Global
	GlobalSection(SolutionConfigurationPlatforms) = preSolution
		Debug|Any CPU = Debug|Any CPU
		Release|Any CPU = Release|Any CPU
	EndGlobalSection
	GlobalSection(ProjectConfigurationPlatforms) = postSolution
		{6DD50327-8CC2-4A1D-B8E2-7A11F967EDDB}.Debug|Any CPU.ActiveCfg = Debug|Any CPU
		{6DD50327-8CC2-4A1D-B8E2-7A11F967EDDB}.Debug|Any CPU.Build.0 = Debug|Any CPU
		{6DD50327-8CC2-4A1D-B8E2-7A11F967EDDB}.Release|Any CPU.ActiveCfg = Release|Any CPU
		{6DD50327-8CC2-4A1D-B8E2-7A11F967EDDB}.Release|Any CPU.Build.0 = Release|Any CPU
	EndGlobalSection
	GlobalSection(SolutionProperties) = preSolution
		HideSolutionNode = FALSE
	EndGlobalSection
	GlobalSection(ExtensibilityGlobals) = postSolution
		SolutionGuid = {914DE15F-A910-452A-A6F9-F8BD73722623}
	EndGlobalSection
EndGlobal
